
Microsoft Visual Studio Solution File, Format Version 12.00
# Visual Studio Version 17
VisualStudioVersion = 17.2.32630.192
MinimumVisualStudioVersion = 10.0.40219.1
Project("{FAE04EC0-301F-11D3-BF4B-00C04F79EFBC}") = "Serilog.Sinks.LogBee.dotnet6_ConsoleApp", "Serilog.Sinks.LogBee.dotnet6_ConsoleApp.csproj", "{FFD891FC-D634-4998-8C84-DCDEF5192D72}"
EndProject
Project("{9A19103F-16F7-4668-BE54-9A1E7A4F7556}") = "Serilog.Sinks.LogBee", "..\..\src\Serilog.Sinks.LogBee\Serilog.Sinks.LogBee.csproj", "{9DA9847D-CA7E-4840-A34E-A4A01BDCBAF4}"
EndProject
Global
	GlobalSection(SolutionConfigurationPlatforms) = preSolution
		Debug|Any CPU = Debug|Any CPU
		Release|Any CPU = Release|Any CPU
	EndGlobalSection
	GlobalSection(ProjectConfigurationPlatforms) = postSolution
		{FFD891FC-D634-4998-8C84-DCDEF5192D72}.Debug|Any CPU.ActiveCfg = Debug|Any CPU
		{FFD891FC-D634-4998-8C84-DCDEF5192D72}.Debug|Any CPU.Build.0 = Debug|Any CPU
		{FFD891FC-D634-4998-8C84-DCDEF5192D72}.Release|Any CPU.ActiveCfg = Release|Any CPU
		{FFD891FC-D634-4998-8C84-DCDEF5192D72}.Release|Any CPU.Build.0 = Release|Any CPU
		{9DA9847D-CA7E-4840-A34E-A4A01BDCBAF4}.Debug|Any CPU.ActiveCfg = Debug|Any CPU
		{9DA9847D-CA7E-4840-A34E-A4A01BDCBAF4}.Debug|Any CPU.Build.0 = Debug|Any CPU
		{9DA9847D-CA7E-4840-A34E-A4A01BDCBAF4}.Release|Any CPU.ActiveCfg = Release|Any CPU
		{9DA9847D-CA7E-4840-A34E-A4A01BDCBAF4}.Release|Any CPU.Build.0 = Release|Any CPU
	EndGlobalSection
	GlobalSection(SolutionProperties) = preSolution
		HideSolutionNode = FALSE
	EndGlobalSection
	GlobalSection(ExtensibilityGlobals) = postSolution
		SolutionGuid = {3A2B7CB4-EE36-46E7-9530-DC1C785E445C}
	EndGlobalSection
EndGlobal
